
Microsoft Visual Studio Solution File, Format Version 12.00
# Visual Studio Version 16
VisualStudioVersion = 16.0.31019.35
MinimumVisualStudioVersion = 10.0.40219.1
Project("{9A19103F-16F7-4668-BE54-9A1E7A4F7556}") = "OOPSchool.P1", "OOPMokymai.P1\OOPSchool.P1.csproj", "{DE68FC3E-B2EA-4733-9317-FBD39A0D1237}"
EndProject
Project("{9A19103F-16F7-4668-BE54-9A1E7A4F7556}") = "OOPSchool.P2", "OOPMokymai.P2\OOPSchool.P2.csproj", "{C80F8A8B-A4C9-4118-8E2A-E3DEC9F59773}"
EndProject
Project("{9A19103F-16F7-4668-BE54-9A1E7A4F7556}") = "OOPSchool.P2.Exercises", "OOPMokymai.P2.Exercises\OOPSchool.P2.Exercises.csproj", "{69AA8B62-28FF-465C-9201-E0E63402B045}"
EndProject
Project("{9A19103F-16F7-4668-BE54-9A1E7A4F7556}") = "DeckOfCards", "DeckOfCards\DeckOfCards.csproj", "{2AFB9AD4-80E5-487A-9279-720338DD618D}"
EndProject
Project("{9A19103F-16F7-4668-BE54-9A1E7A4F7556}") = "CardWarGame", "CardWarGame\CardWarGame.csproj", "{36B48A50-F74E-4F91-B945-13C634E4713F}"
EndProject
Project("{9A19103F-16F7-4668-BE54-9A1E7A4F7556}") = "OOPSchool.P3", "OOPSchool.P3\OOPSchool.P3.csproj", "{72D48B7A-435C-4206-9E05-9229B0330136}"
EndProject
Project("{9A19103F-16F7-4668-BE54-9A1E7A4F7556}") = "CardGame", "CardGame\CardGame.csproj", "{0D963744-4BDA-4A52-AE7F-5329735C0536}"
	ProjectSection(ProjectDependencies) = postProject
		{2AFB9AD4-80E5-487A-9279-720338DD618D} = {2AFB9AD4-80E5-487A-9279-720338DD618D}
	EndProjectSection
EndProject
Project("{9A19103F-16F7-4668-BE54-9A1E7A4F7556}") = "OOPSchool.LINQ", "OOPSchool.LINQ\OOPSchool.LINQ.csproj", "{F69C9798-E8BB-4186-A532-66C23354902A}"
EndProject
Project("{9A19103F-16F7-4668-BE54-9A1E7A4F7556}") = "OOPSchool.P4", "OOPSchool.P4\OOPSchool.P4.csproj", "{A0D3FA1F-48DA-481E-A477-73F9A130A7B5}"
EndProject
Project("{9A19103F-16F7-4668-BE54-9A1E7A4F7556}") = "SQL.EFCore", "SQL.EFCore\SQL.EFCore.csproj", "{D0A81C6A-DEF2-4E48-B7DF-108C94F2F722}"
EndProject
Project("{FAE04EC0-301F-11D3-BF4B-00C04F79EFBC}") = "SQL.P2", "SQL.P2\SQL.P2.csproj", "{8DB0564C-5FFF-4AF8-BDF5-12AE887B3724}"
EndProject
Global
	GlobalSection(SolutionConfigurationPlatforms) = preSolution
		Debug|Any CPU = Debug|Any CPU
		Release|Any CPU = Release|Any CPU
	EndGlobalSection
	GlobalSection(ProjectConfigurationPlatforms) = postSolution
		{DE68FC3E-B2EA-4733-9317-FBD39A0D1237}.Debug|Any CPU.ActiveCfg = Debug|Any CPU
		{DE68FC3E-B2EA-4733-9317-FBD39A0D1237}.Debug|Any CPU.Build.0 = Debug|Any CPU
		{DE68FC3E-B2EA-4733-9317-FBD39A0D1237}.Release|Any CPU.ActiveCfg = Release|Any CPU
		{DE68FC3E-B2EA-4733-9317-FBD39A0D1237}.Release|Any CPU.Build.0 = Release|Any CPU
		{C80F8A8B-A4C9-4118-8E2A-E3DEC9F59773}.Debug|Any CPU.ActiveCfg = Debug|Any CPU
		{C80F8A8B-A4C9-4118-8E2A-E3DEC9F59773}.Debug|Any CPU.Build.0 = Debug|Any CPU
		{C80F8A8B-A4C9-4118-8E2A-E3DEC9F59773}.Release|Any CPU.ActiveCfg = Release|Any CPU
		{C80F8A8B-A4C9-4118-8E2A-E3DEC9F59773}.Release|Any CPU.Build.0 = Release|Any CPU
		{69AA8B62-28FF-465C-9201-E0E63402B045}.Debug|Any CPU.ActiveCfg = Debug|Any CPU
		{69AA8B62-28FF-465C-9201-E0E63402B045}.Debug|Any CPU.Build.0 = Debug|Any CPU
		{69AA8B62-28FF-465C-9201-E0E63402B045}.Release|Any CPU.ActiveCfg = Release|Any CPU
		{69AA8B62-28FF-465C-9201-E0E63402B045}.Release|Any CPU.Build.0 = Release|Any CPU
		{2AFB9AD4-80E5-487A-9279-720338DD618D}.Debug|Any CPU.ActiveCfg = Debug|Any CPU
		{2AFB9AD4-80E5-487A-9279-720338DD618D}.Debug|Any CPU.Build.0 = Debug|Any CPU
		{2AFB9AD4-80E5-487A-9279-720338DD618D}.Release|Any CPU.ActiveCfg = Release|Any CPU
		{2AFB9AD4-80E5-487A-9279-720338DD618D}.Release|Any CPU.Build.0 = Release|Any CPU
		{36B48A50-F74E-4F91-B945-13C634E4713F}.Debug|Any CPU.ActiveCfg = Debug|Any CPU
		{36B48A50-F74E-4F91-B945-13C634E4713F}.Debug|Any CPU.Build.0 = Debug|Any CPU
		{36B48A50-F74E-4F91-B945-13C634E4713F}.Release|Any CPU.ActiveCfg = Release|Any CPU
		{36B48A50-F74E-4F91-B945-13C634E4713F}.Release|Any CPU.Build.0 = Release|Any CPU
		{72D48B7A-435C-4206-9E05-9229B0330136}.Debug|Any CPU.ActiveCfg = Debug|Any CPU
		{72D48B7A-435C-4206-9E05-9229B0330136}.Debug|Any CPU.Build.0 = Debug|Any CPU
		{72D48B7A-435C-4206-9E05-9229B0330136}.Release|Any CPU.ActiveCfg = Release|Any CPU
		{72D48B7A-435C-4206-9E05-9229B0330136}.Release|Any CPU.Build.0 = Release|Any CPU
		{0D963744-4BDA-4A52-AE7F-5329735C0536}.Debug|Any CPU.ActiveCfg = Debug|Any CPU
		{0D963744-4BDA-4A52-AE7F-5329735C0536}.Debug|Any CPU.Build.0 = Debug|Any CPU
		{0D963744-4BDA-4A52-AE7F-5329735C0536}.Release|Any CPU.ActiveCfg = Release|Any CPU
		{0D963744-4BDA-4A52-AE7F-5329735C0536}.Release|Any CPU.Build.0 = Release|Any CPU
		{F69C9798-E8BB-4186-A532-66C23354902A}.Debug|Any CPU.ActiveCfg = Debug|Any CPU
		{F69C9798-E8BB-4186-A532-66C23354902A}.Debug|Any CPU.Build.0 = Debug|Any CPU
		{F69C9798-E8BB-4186-A532-66C23354902A}.Release|Any CPU.ActiveCfg = Release|Any CPU
		{F69C9798-E8BB-4186-A532-66C23354902A}.Release|Any CPU.Build.0 = Release|Any CPU
		{A0D3FA1F-48DA-481E-A477-73F9A130A7B5}.Debug|Any CPU.ActiveCfg = Debug|Any CPU
		{A0D3FA1F-48DA-481E-A477-73F9A130A7B5}.Debug|Any CPU.Build.0 = Debug|Any CPU
		{A0D3FA1F-48DA-481E-A477-73F9A130A7B5}.Release|Any CPU.ActiveCfg = Release|Any CPU
		{A0D3FA1F-48DA-481E-A477-73F9A130A7B5}.Release|Any CPU.Build.0 = Release|Any CPU
		{D0A81C6A-DEF2-4E48-B7DF-108C94F2F722}.Debug|Any CPU.ActiveCfg = Debug|Any CPU
		{D0A81C6A-DEF2-4E48-B7DF-108C94F2F722}.Debug|Any CPU.Build.0 = Debug|Any CPU
		{D0A81C6A-DEF2-4E48-B7DF-108C94F2F722}.Release|Any CPU.ActiveCfg = Release|Any CPU
		{D0A81C6A-DEF2-4E48-B7DF-108C94F2F722}.Release|Any CPU.Build.0 = Release|Any CPU
		{8DB0564C-5FFF-4AF8-BDF5-12AE887B3724}.Debug|Any CPU.ActiveCfg = Debug|Any CPU
		{8DB0564C-5FFF-4AF8-BDF5-12AE887B3724}.Debug|Any CPU.Build.0 = Debug|Any CPU
		{8DB0564C-5FFF-4AF8-BDF5-12AE887B3724}.Release|Any CPU.ActiveCfg = Release|Any CPU
		{8DB0564C-5FFF-4AF8-BDF5-12AE887B3724}.Release|Any CPU.Build.0 = Release|Any CPU
	EndGlobalSection
	GlobalSection(SolutionProperties) = preSolution
		HideSolutionNode = FALSE
	EndGlobalSection
	GlobalSection(ExtensibilityGlobals) = postSolution
		SolutionGuid = {BC0AD2CE-6A89-4E09-A7EB-245653D29C85}
	EndGlobalSection
EndGlobal
